
Microsoft Visual Studio Solution File, Format Version 12.00
# Visual Studio 15
VisualStudioVersion = 15.0.27130.2010
MinimumVisualStudioVersion = 10.0.40219.1
Project("{9A19103F-16F7-4668-BE54-9A1E7A4F7556}") = "NetCore.Api", "NetCore.Api\NetCore.Api.csproj", "{9BCD1A89-139E-42D6-8FB9-287DA1984E8D}"
EndProject
Project("{9A19103F-16F7-4668-BE54-9A1E7A4F7556}") = "NetCore.Domain", "NetCore.Domain\NetCore.Domain.csproj", "{732263B9-512B-414B-A322-67391B7B71FB}"
EndProject
Project("{9A19103F-16F7-4668-BE54-9A1E7A4F7556}") = "NetCore.Infra", "NetCore.Infra\NetCore.Infra.csproj", "{8CE047BC-11FC-4909-8C2F-EB81A24EB9B0}"
EndProject
Project("{9A19103F-16F7-4668-BE54-9A1E7A4F7556}") = "NetCore.IoC", "NetCore.IoC\NetCore.IoC.csproj", "{38502030-70C7-410E-AB41-4F776221D670}"
EndProject
Project("{9A19103F-16F7-4668-BE54-9A1E7A4F7556}") = "NetCore.AppServices", "NetCore.AppServices\NetCore.AppServices.csproj", "{28EA36A0-B8C7-44E4-BA2B-1E7DCC059686}"
EndProject
Project("{9A19103F-16F7-4668-BE54-9A1E7A4F7556}") = "NetCore.CrossCutting", "NetCore.CrossCutting\NetCore.CrossCutting.csproj", "{593403F3-C76B-48AF-8237-D0F4C08C5204}"
EndProject
Project("{00D1A9C2-B5F0-4AF3-8072-F6C62B433612}") = "NetCore.SQL", "NetCore.SQL\NetCore.SQL.sqlproj", "{7C155A68-F4B4-4108-9BCF-644040CDB60E}"
EndProject
Project("{9A19103F-16F7-4668-BE54-9A1E7A4F7556}") = "NetCore.Tests", "NetCore.Tests\NetCore.Tests.csproj", "{1D124A02-F24E-432F-AA42-F8114E6DCD01}"
EndProject
Project("{9A19103F-16F7-4668-BE54-9A1E7A4F7556}") = "NetCore.Client", "NetCore.Client\NetCore.Client.csproj", "{77FC7EBC-52EB-4BAF-A92A-35D910E0214A}"
EndProject
Global
	GlobalSection(SolutionConfigurationPlatforms) = preSolution
		Debug|Any CPU = Debug|Any CPU
		PROD|Any CPU = PROD|Any CPU
		QA|Any CPU = QA|Any CPU
		Release|Any CPU = Release|Any CPU
	EndGlobalSection
	GlobalSection(ProjectConfigurationPlatforms) = postSolution
		{9BCD1A89-139E-42D6-8FB9-287DA1984E8D}.Debug|Any CPU.ActiveCfg = Debug|Any CPU
		{9BCD1A89-139E-42D6-8FB9-287DA1984E8D}.Debug|Any CPU.Build.0 = Debug|Any CPU
		{9BCD1A89-139E-42D6-8FB9-287DA1984E8D}.PROD|Any CPU.ActiveCfg = PROD|Any CPU
		{9BCD1A89-139E-42D6-8FB9-287DA1984E8D}.PROD|Any CPU.Build.0 = PROD|Any CPU
		{9BCD1A89-139E-42D6-8FB9-287DA1984E8D}.QA|Any CPU.ActiveCfg = QA|Any CPU
		{9BCD1A89-139E-42D6-8FB9-287DA1984E8D}.QA|Any CPU.Build.0 = QA|Any CPU
		{9BCD1A89-139E-42D6-8FB9-287DA1984E8D}.Release|Any CPU.ActiveCfg = Release|Any CPU
		{9BCD1A89-139E-42D6-8FB9-287DA1984E8D}.Release|Any CPU.Build.0 = Release|Any CPU
		{732263B9-512B-414B-A322-67391B7B71FB}.Debug|Any CPU.ActiveCfg = Debug|Any CPU
		{732263B9-512B-414B-A322-67391B7B71FB}.Debug|Any CPU.Build.0 = Debug|Any CPU
		{732263B9-512B-414B-A322-67391B7B71FB}.PROD|Any CPU.ActiveCfg = PROD|Any CPU
		{732263B9-512B-414B-A322-67391B7B71FB}.PROD|Any CPU.Build.0 = PROD|Any CPU
		{732263B9-512B-414B-A322-67391B7B71FB}.QA|Any CPU.ActiveCfg = QA|Any CPU
		{732263B9-512B-414B-A322-67391B7B71FB}.QA|Any CPU.Build.0 = QA|Any CPU
		{732263B9-512B-414B-A322-67391B7B71FB}.Release|Any CPU.ActiveCfg = Release|Any CPU
		{732263B9-512B-414B-A322-67391B7B71FB}.Release|Any CPU.Build.0 = Release|Any CPU
		{8CE047BC-11FC-4909-8C2F-EB81A24EB9B0}.Debug|Any CPU.ActiveCfg = Debug|Any CPU
		{8CE047BC-11FC-4909-8C2F-EB81A24EB9B0}.Debug|Any CPU.Build.0 = Debug|Any CPU
		{8CE047BC-11FC-4909-8C2F-EB81A24EB9B0}.PROD|Any CPU.ActiveCfg = PROD|Any CPU
		{8CE047BC-11FC-4909-8C2F-EB81A24EB9B0}.PROD|Any CPU.Build.0 = PROD|Any CPU
		{8CE047BC-11FC-4909-8C2F-EB81A24EB9B0}.QA|Any CPU.ActiveCfg = QA|Any CPU
		{8CE047BC-11FC-4909-8C2F-EB81A24EB9B0}.QA|Any CPU.Build.0 = QA|Any CPU
		{8CE047BC-11FC-4909-8C2F-EB81A24EB9B0}.Release|Any CPU.ActiveCfg = Release|Any CPU
		{8CE047BC-11FC-4909-8C2F-EB81A24EB9B0}.Release|Any CPU.Build.0 = Release|Any CPU
		{38502030-70C7-410E-AB41-4F776221D670}.Debug|Any CPU.ActiveCfg = Debug|Any CPU
		{38502030-70C7-410E-AB41-4F776221D670}.Debug|Any CPU.Build.0 = Debug|Any CPU
		{38502030-70C7-410E-AB41-4F776221D670}.PROD|Any CPU.ActiveCfg = PROD|Any CPU
		{38502030-70C7-410E-AB41-4F776221D670}.PROD|Any CPU.Build.0 = PROD|Any CPU
		{38502030-70C7-410E-AB41-4F776221D670}.QA|Any CPU.ActiveCfg = QA|Any CPU
		{38502030-70C7-410E-AB41-4F776221D670}.QA|Any CPU.Build.0 = QA|Any CPU
		{38502030-70C7-410E-AB41-4F776221D670}.Release|Any CPU.ActiveCfg = Release|Any CPU
		{38502030-70C7-410E-AB41-4F776221D670}.Release|Any CPU.Build.0 = Release|Any CPU
		{28EA36A0-B8C7-44E4-BA2B-1E7DCC059686}.Debug|Any CPU.ActiveCfg = Debug|Any CPU
		{28EA36A0-B8C7-44E4-BA2B-1E7DCC059686}.Debug|Any CPU.Build.0 = Debug|Any CPU
		{28EA36A0-B8C7-44E4-BA2B-1E7DCC059686}.PROD|Any CPU.ActiveCfg = PROD|Any CPU
		{28EA36A0-B8C7-44E4-BA2B-1E7DCC059686}.PROD|Any CPU.Build.0 = PROD|Any CPU
		{28EA36A0-B8C7-44E4-BA2B-1E7DCC059686}.QA|Any CPU.ActiveCfg = QA|Any CPU
		{28EA36A0-B8C7-44E4-BA2B-1E7DCC059686}.QA|Any CPU.Build.0 = QA|Any CPU
		{28EA36A0-B8C7-44E4-BA2B-1E7DCC059686}.Release|Any CPU.ActiveCfg = Release|Any CPU
		{28EA36A0-B8C7-44E4-BA2B-1E7DCC059686}.Release|Any CPU.Build.0 = Release|Any CPU
		{593403F3-C76B-48AF-8237-D0F4C08C5204}.Debug|Any CPU.ActiveCfg = Debug|Any CPU
		{593403F3-C76B-48AF-8237-D0F4C08C5204}.Debug|Any CPU.Build.0 = Debug|Any CPU
		{593403F3-C76B-48AF-8237-D0F4C08C5204}.PROD|Any CPU.ActiveCfg = Debug|Any CPU
		{593403F3-C76B-48AF-8237-D0F4C08C5204}.PROD|Any CPU.Build.0 = Debug|Any CPU
		{593403F3-C76B-48AF-8237-D0F4C08C5204}.QA|Any CPU.ActiveCfg = Debug|Any CPU
		{593403F3-C76B-48AF-8237-D0F4C08C5204}.QA|Any CPU.Build.0 = Debug|Any CPU
		{593403F3-C76B-48AF-8237-D0F4C08C5204}.Release|Any CPU.ActiveCfg = Release|Any CPU
		{593403F3-C76B-48AF-8237-D0F4C08C5204}.Release|Any CPU.Build.0 = Release|Any CPU
		{7C155A68-F4B4-4108-9BCF-644040CDB60E}.Debug|Any CPU.ActiveCfg = Debug|Any CPU
		{7C155A68-F4B4-4108-9BCF-644040CDB60E}.Debug|Any CPU.Build.0 = Debug|Any CPU
		{7C155A68-F4B4-4108-9BCF-644040CDB60E}.Debug|Any CPU.Deploy.0 = Debug|Any CPU
		{7C155A68-F4B4-4108-9BCF-644040CDB60E}.PROD|Any CPU.ActiveCfg = Debug|Any CPU
		{7C155A68-F4B4-4108-9BCF-644040CDB60E}.PROD|Any CPU.Build.0 = Debug|Any CPU
		{7C155A68-F4B4-4108-9BCF-644040CDB60E}.PROD|Any CPU.Deploy.0 = Debug|Any CPU
		{7C155A68-F4B4-4108-9BCF-644040CDB60E}.QA|Any CPU.ActiveCfg = Debug|Any CPU
		{7C155A68-F4B4-4108-9BCF-644040CDB60E}.QA|Any CPU.Build.0 = Debug|Any CPU
		{7C155A68-F4B4-4108-9BCF-644040CDB60E}.QA|Any CPU.Deploy.0 = Debug|Any CPU
		{7C155A68-F4B4-4108-9BCF-644040CDB60E}.Release|Any CPU.ActiveCfg = Release|Any CPU
		{7C155A68-F4B4-4108-9BCF-644040CDB60E}.Release|Any CPU.Build.0 = Release|Any CPU
		{7C155A68-F4B4-4108-9BCF-644040CDB60E}.Release|Any CPU.Deploy.0 = Release|Any CPU
		{1D124A02-F24E-432F-AA42-F8114E6DCD01}.Debug|Any CPU.ActiveCfg = Debug|Any CPU
		{1D124A02-F24E-432F-AA42-F8114E6DCD01}.Debug|Any CPU.Build.0 = Debug|Any CPU
		{1D124A02-F24E-432F-AA42-F8114E6DCD01}.PROD|Any CPU.ActiveCfg = Debug|Any CPU
		{1D124A02-F24E-432F-AA42-F8114E6DCD01}.PROD|Any CPU.Build.0 = Debug|Any CPU
		{1D124A02-F24E-432F-AA42-F8114E6DCD01}.QA|Any CPU.ActiveCfg = Debug|Any CPU
		{1D124A02-F24E-432F-AA42-F8114E6DCD01}.QA|Any CPU.Build.0 = Debug|Any CPU
		{1D124A02-F24E-432F-AA42-F8114E6DCD01}.Release|Any CPU.ActiveCfg = Release|Any CPU
		{1D124A02-F24E-432F-AA42-F8114E6DCD01}.Release|Any CPU.Build.0 = Release|Any CPU
		{77FC7EBC-52EB-4BAF-A92A-35D910E0214A}.Debug|Any CPU.ActiveCfg = Debug|Any CPU
		{77FC7EBC-52EB-4BAF-A92A-35D910E0214A}.Debug|Any CPU.Build.0 = Debug|Any CPU
		{77FC7EBC-52EB-4BAF-A92A-35D910E0214A}.PROD|Any CPU.ActiveCfg = Debug|Any CPU
		{77FC7EBC-52EB-4BAF-A92A-35D910E0214A}.PROD|Any CPU.Build.0 = Debug|Any CPU
		{77FC7EBC-52EB-4BAF-A92A-35D910E0214A}.QA|Any CPU.ActiveCfg = Debug|Any CPU
		{77FC7EBC-52EB-4BAF-A92A-35D910E0214A}.QA|Any CPU.Build.0 = Debug|Any CPU
		{77FC7EBC-52EB-4BAF-A92A-35D910E0214A}.Release|Any CPU.ActiveCfg = Release|Any CPU
		{77FC7EBC-52EB-4BAF-A92A-35D910E0214A}.Release|Any CPU.Build.0 = Release|Any CPU
	EndGlobalSection
	GlobalSection(SolutionProperties) = preSolution
		HideSolutionNode = FALSE
	EndGlobalSection
	GlobalSection(ExtensibilityGlobals) = postSolution
		SolutionGuid = {AEA8F74C-CF93-40D3-8F17-F6F44A3B480B}
	EndGlobalSection
EndGlobal
